
Microsoft Visual Studio Solution File, Format Version 12.00
# Visual Studio 15
VisualStudioVersion = 15.0.28307.136
MinimumVisualStudioVersion = 10.0.40219.1
Project("{8BC9CEB8-8B4A-11D0-8D11-00A0C91BC942}") = "DS Consol", "DS Consol\DS Consol.vcxproj", "{72A9C1E6-E205-4949-B731-1F1A10CF4FD4}"
EndProject
Global
	GlobalSection(SolutionConfigurationPlatforms) = preSolution
		Debug|x64 = Debug|x64
		Debug|x86 = Debug|x86
		Release|x64 = Release|x64
		Release|x86 = Release|x86
	EndGlobalSection
	GlobalSection(ProjectConfigurationPlatforms) = postSolution
		{72A9C1E6-E205-4949-B731-1F1A10CF4FD4}.Debug|x64.ActiveCfg = Debug|x64
		{72A9C1E6-E205-4949-B731-1F1A10CF4FD4}.Debug|x64.Build.0 = Debug|x64
		{72A9C1E6-E205-4949-B731-1F1A10CF4FD4}.Debug|x86.ActiveCfg = Debug|Win32
		{72A9C1E6-E205-4949-B731-1F1A10CF4FD4}.Debug|x86.Build.0 = Debug|Win32
		{72A9C1E6-E205-4949-B731-1F1A10CF4FD4}.Release|x64.ActiveCfg = Release|x64
		{72A9C1E6-E205-4949-B731-1F1A10CF4FD4}.Release|x64.Build.0 = Release|x64
		{72A9C1E6-E205-4949-B731-1F1A10CF4FD4}.Release|x86.ActiveCfg = Release|Win32
		{72A9C1E6-E205-4949-B731-1F1A10CF4FD4}.Release|x86.Build.0 = Release|Win32
	EndGlobalSection
	GlobalSection(SolutionProperties) = preSolution
		HideSolutionNode = FALSE
	EndGlobalSection
	GlobalSection(ExtensibilityGlobals) = postSolution
		SolutionGuid = {5861AC2B-F7A4-489E-8DF8-08735746CBA6}
	EndGlobalSection
EndGlobal
